
Microsoft Visual Studio Solution File, Format Version 12.00
# Visual Studio 2013
VisualStudioVersion = 12.0.40629.0
MinimumVisualStudioVersion = 10.0.40219.1
Project("{CC5FD16D-436D-48AD-A40C-5A424C6E3E79}") = "ConfigFileDiagnosticExample", "ConfigFileDiagnosticExample\ConfigFileDiagnosticExample.ccproj", "{7D5D2C10-62EF-44DB-9663-57787BFBDEEF}"
EndProject
Project("{FAE04EC0-301F-11D3-BF4B-00C04F79EFBC}") = "WorkerRole1", "WorkerRole1\WorkerRole1.csproj", "{ADE93E96-32B3-4425-8E2B-4DDCC173437B}"
EndProject
Global
	GlobalSection(SolutionConfigurationPlatforms) = preSolution
		Debug|Any CPU = Debug|Any CPU
		Release|Any CPU = Release|Any CPU
	EndGlobalSection
	GlobalSection(ProjectConfigurationPlatforms) = postSolution
		{7D5D2C10-62EF-44DB-9663-57787BFBDEEF}.Debug|Any CPU.ActiveCfg = Debug|Any CPU
		{7D5D2C10-62EF-44DB-9663-57787BFBDEEF}.Debug|Any CPU.Build.0 = Debug|Any CPU
		{7D5D2C10-62EF-44DB-9663-57787BFBDEEF}.Release|Any CPU.ActiveCfg = Release|Any CPU
		{7D5D2C10-62EF-44DB-9663-57787BFBDEEF}.Release|Any CPU.Build.0 = Release|Any CPU
		{ADE93E96-32B3-4425-8E2B-4DDCC173437B}.Debug|Any CPU.ActiveCfg = Debug|Any CPU
		{ADE93E96-32B3-4425-8E2B-4DDCC173437B}.Debug|Any CPU.Build.0 = Debug|Any CPU
		{ADE93E96-32B3-4425-8E2B-4DDCC173437B}.Release|Any CPU.ActiveCfg = Release|Any CPU
		{ADE93E96-32B3-4425-8E2B-4DDCC173437B}.Release|Any CPU.Build.0 = Release|Any CPU
	EndGlobalSection
	GlobalSection(SolutionProperties) = preSolution
		HideSolutionNode = FALSE
	EndGlobalSection
EndGlobal
